
Microsoft Visual Studio Solution File, Format Version 12.00
# Visual Studio Version 17
VisualStudioVersion = 17.9.34607.119
MinimumVisualStudioVersion = 10.0.40219.1
Project("{9A19103F-16F7-4668-BE54-9A1E7A4F7556}") = "Formulario_Personas", "Formulario_Personas.csproj", "{BB659BD3-BF04-409F-8014-8F84911F8937}"
EndProject
Project("{2150E333-8FDC-42A3-9474-1A3956D46DE8}") = "Elementos de la solución", "Elementos de la solución", "{AD2FBA38-864E-4ED0-A3FF-DDE0E1672554}"
	ProjectSection(SolutionItems) = preProject
		Class1.cs = Class1.cs
	EndProjectSection
EndProject
Global
	GlobalSection(SolutionConfigurationPlatforms) = preSolution
		Debug|Any CPU = Debug|Any CPU
		Release|Any CPU = Release|Any CPU
	EndGlobalSection
	GlobalSection(ProjectConfigurationPlatforms) = postSolution
		{BB659BD3-BF04-409F-8014-8F84911F8937}.Debug|Any CPU.ActiveCfg = Debug|Any CPU
		{BB659BD3-BF04-409F-8014-8F84911F8937}.Debug|Any CPU.Build.0 = Debug|Any CPU
		{BB659BD3-BF04-409F-8014-8F84911F8937}.Release|Any CPU.ActiveCfg = Release|Any CPU
		{BB659BD3-BF04-409F-8014-8F84911F8937}.Release|Any CPU.Build.0 = Release|Any CPU
	EndGlobalSection
	GlobalSection(SolutionProperties) = preSolution
		HideSolutionNode = FALSE
	EndGlobalSection
	GlobalSection(ExtensibilityGlobals) = postSolution
		SolutionGuid = {42E4496F-8CB2-4E93-B959-DECDC5A4C192}
	EndGlobalSection
EndGlobal
